
Microsoft Visual Studio Solution File, Format Version 12.00
# Visual Studio 15
VisualStudioVersion = 15.0.28010.2003
MinimumVisualStudioVersion = 10.0.40219.1
Project("{9A19103F-16F7-4668-BE54-9A1E7A4F7556}") = "VaraniumSharp.CompoundDocumentFormatStorage", "VaraniumSharp.CompoundDocumentFormatStorage\VaraniumSharp.CompoundDocumentFormatStorage.csproj", "{2775F4E7-D411-4763-B606-9D88F7683998}"
EndProject
Project("{FAE04EC0-301F-11D3-BF4B-00C04F79EFBC}") = "VaraniumSharp.CompoundDocumentFormatStorage.Tests", "VaraniumSharp.CompoundDocumentFormatStorage.Tests\VaraniumSharp.CompoundDocumentFormatStorage.Tests.csproj", "{6D06C9F8-ED06-4766-980C-C2413176AE37}"
EndProject
Global
	GlobalSection(SolutionConfigurationPlatforms) = preSolution
		Debug|Any CPU = Debug|Any CPU
		Release|Any CPU = Release|Any CPU
	EndGlobalSection
	GlobalSection(ProjectConfigurationPlatforms) = postSolution
		{2775F4E7-D411-4763-B606-9D88F7683998}.Debug|Any CPU.ActiveCfg = Debug|Any CPU
		{2775F4E7-D411-4763-B606-9D88F7683998}.Debug|Any CPU.Build.0 = Debug|Any CPU
		{2775F4E7-D411-4763-B606-9D88F7683998}.Release|Any CPU.ActiveCfg = Release|Any CPU
		{2775F4E7-D411-4763-B606-9D88F7683998}.Release|Any CPU.Build.0 = Release|Any CPU
		{6D06C9F8-ED06-4766-980C-C2413176AE37}.Debug|Any CPU.ActiveCfg = Debug|Any CPU
		{6D06C9F8-ED06-4766-980C-C2413176AE37}.Debug|Any CPU.Build.0 = Debug|Any CPU
		{6D06C9F8-ED06-4766-980C-C2413176AE37}.Release|Any CPU.ActiveCfg = Release|Any CPU
		{6D06C9F8-ED06-4766-980C-C2413176AE37}.Release|Any CPU.Build.0 = Release|Any CPU
	EndGlobalSection
	GlobalSection(SolutionProperties) = preSolution
		HideSolutionNode = FALSE
	EndGlobalSection
	GlobalSection(ExtensibilityGlobals) = postSolution
		SolutionGuid = {E2F11589-F33C-4020-A1D6-1D7C513B5216}
	EndGlobalSection
EndGlobal
